
Microsoft Visual Studio Solution File, Format Version 12.00
# Visual Studio Version 17
VisualStudioVersion = 17.0.31903.59
MinimumVisualStudioVersion = 10.0.40219.1
Project("{2150E333-8FDC-42A3-9474-1A3956D46DE8}") = "src", "src", "{827E0CD3-B72D-47B6-A68D-7590B98EB39B}"
EndProject
Project("{FAE04EC0-301F-11D3-BF4B-00C04F79EFBC}") = "Ghostty.Vt", "src\Ghostty.Vt\Ghostty.Vt.csproj", "{E1FB1CA1-5F42-4F60-A1C7-8717B232DD42}"
EndProject
Project("{2150E333-8FDC-42A3-9474-1A3956D46DE8}") = "tests", "tests", "{0AB3BF05-4346-4AA6-1389-037BE0695223}"
EndProject
Project("{FAE04EC0-301F-11D3-BF4B-00C04F79EFBC}") = "Ghostty.Vt.Tests", "tests\Ghostty.Vt.Tests\Ghostty.Vt.Tests.csproj", "{BF847C72-31E8-4846-B64C-80B24E3319E8}"
EndProject
Project("{2150E333-8FDC-42A3-9474-1A3956D46DE8}") = "examples", "examples", "{B36A84DF-456D-A817-6EDD-3EC3E7F6E11F}"
EndProject
Project("{FAE04EC0-301F-11D3-BF4B-00C04F79EFBC}") = "BuildInfo", "examples\BuildInfo\BuildInfo.csproj", "{E2AF334C-16D9-4B94-9129-6457F3DA5092}"
EndProject
Project("{FAE04EC0-301F-11D3-BF4B-00C04F79EFBC}") = "Colors", "examples\Colors\Colors.csproj", "{BCE4CE4E-6CAD-4509-8090-A8B524D5BB5E}"
EndProject
Project("{FAE04EC0-301F-11D3-BF4B-00C04F79EFBC}") = "Effects", "examples\Effects\Effects.csproj", "{BEB74EEF-6BAE-4903-A727-7BD8B5FDC22E}"
EndProject
Project("{FAE04EC0-301F-11D3-BF4B-00C04F79EFBC}") = "Formatter", "examples\Formatter\Formatter.csproj", "{E64595F5-F745-44B8-9BE6-A6390EC016DE}"
EndProject
Project("{FAE04EC0-301F-11D3-BF4B-00C04F79EFBC}") = "GridTraverse", "examples\GridTraverse\GridTraverse.csproj", "{A7276F60-6087-4D5B-A5E9-4D5CC8C1E4D3}"
EndProject
Project("{FAE04EC0-301F-11D3-BF4B-00C04F79EFBC}") = "Modes", "examples\Modes\Modes.csproj", "{59B2993F-F99E-4E3E-B34B-41206FED81CA}"
EndProject
Project("{FAE04EC0-301F-11D3-BF4B-00C04F79EFBC}") = "Render", "examples\Render\Render.csproj", "{D5AB2A52-C274-43D4-8452-9E2DBAB8603F}"
EndProject
Project("{FAE04EC0-301F-11D3-BF4B-00C04F79EFBC}") = "Benchmark", "examples\Benchmark\Benchmark.csproj", "{D4C88D4C-A6CE-49D4-9C01-B7535FF8CC4F}"
EndProject
Global
	GlobalSection(SolutionConfigurationPlatforms) = preSolution
		Debug|Any CPU = Debug|Any CPU
		Debug|x64 = Debug|x64
		Debug|x86 = Debug|x86
		Release|Any CPU = Release|Any CPU
		Release|x64 = Release|x64
		Release|x86 = Release|x86
	EndGlobalSection
	GlobalSection(ProjectConfigurationPlatforms) = postSolution
		{E1FB1CA1-5F42-4F60-A1C7-8717B232DD42}.Debug|Any CPU.ActiveCfg = Debug|Any CPU
		{E1FB1CA1-5F42-4F60-A1C7-8717B232DD42}.Debug|Any CPU.Build.0 = Debug|Any CPU
		{E1FB1CA1-5F42-4F60-A1C7-8717B232DD42}.Debug|x64.ActiveCfg = Debug|Any CPU
		{E1FB1CA1-5F42-4F60-A1C7-8717B232DD42}.Debug|x64.Build.0 = Debug|Any CPU
		{E1FB1CA1-5F42-4F60-A1C7-8717B232DD42}.Debug|x86.ActiveCfg = Debug|Any CPU
		{E1FB1CA1-5F42-4F60-A1C7-8717B232DD42}.Debug|x86.Build.0 = Debug|Any CPU
		{E1FB1CA1-5F42-4F60-A1C7-8717B232DD42}.Release|Any CPU.ActiveCfg = Release|Any CPU
		{E1FB1CA1-5F42-4F60-A1C7-8717B232DD42}.Release|Any CPU.Build.0 = Release|Any CPU
		{E1FB1CA1-5F42-4F60-A1C7-8717B232DD42}.Release|x64.ActiveCfg = Release|Any CPU
		{E1FB1CA1-5F42-4F60-A1C7-8717B232DD42}.Release|x64.Build.0 = Release|Any CPU
		{E1FB1CA1-5F42-4F60-A1C7-8717B232DD42}.Release|x86.ActiveCfg = Release|Any CPU
		{E1FB1CA1-5F42-4F60-A1C7-8717B232DD42}.Release|x86.Build.0 = Release|Any CPU
		{BF847C72-31E8-4846-B64C-80B24E3319E8}.Debug|Any CPU.ActiveCfg = Debug|Any CPU
		{BF847C72-31E8-4846-B64C-80B24E3319E8}.Debug|Any CPU.Build.0 = Debug|Any CPU
		{BF847C72-31E8-4846-B64C-80B24E3319E8}.Debug|x64.ActiveCfg = Debug|Any CPU
		{BF847C72-31E8-4846-B64C-80B24E3319E8}.Debug|x64.Build.0 = Debug|Any CPU
		{BF847C72-31E8-4846-B64C-80B24E3319E8}.Debug|x86.ActiveCfg = Debug|Any CPU
		{BF847C72-31E8-4846-B64C-80B24E3319E8}.Debug|x86.Build.0 = Debug|Any CPU
		{BF847C72-31E8-4846-B64C-80B24E3319E8}.Release|Any CPU.ActiveCfg = Release|Any CPU
		{BF847C72-31E8-4846-B64C-80B24E3319E8}.Release|Any CPU.Build.0 = Release|Any CPU
		{BF847C72-31E8-4846-B64C-80B24E3319E8}.Release|x64.ActiveCfg = Release|Any CPU
		{BF847C72-31E8-4846-B64C-80B24E3319E8}.Release|x64.Build.0 = Release|Any CPU
		{BF847C72-31E8-4846-B64C-80B24E3319E8}.Release|x86.ActiveCfg = Release|Any CPU
		{BF847C72-31E8-4846-B64C-80B24E3319E8}.Release|x86.Build.0 = Release|Any CPU
		{E2AF334C-16D9-4B94-9129-6457F3DA5092}.Debug|Any CPU.ActiveCfg = Debug|Any CPU
		{E2AF334C-16D9-4B94-9129-6457F3DA5092}.Debug|Any CPU.Build.0 = Debug|Any CPU
		{E2AF334C-16D9-4B94-9129-6457F3DA5092}.Debug|x64.ActiveCfg = Debug|Any CPU
		{E2AF334C-16D9-4B94-9129-6457F3DA5092}.Debug|x64.Build.0 = Debug|Any CPU
		{E2AF334C-16D9-4B94-9129-6457F3DA5092}.Debug|x86.ActiveCfg = Debug|Any CPU
		{E2AF334C-16D9-4B94-9129-6457F3DA5092}.Debug|x86.Build.0 = Debug|Any CPU
		{E2AF334C-16D9-4B94-9129-6457F3DA5092}.Release|Any CPU.ActiveCfg = Release|Any CPU
		{E2AF334C-16D9-4B94-9129-6457F3DA5092}.Release|Any CPU.Build.0 = Release|Any CPU
		{E2AF334C-16D9-4B94-9129-6457F3DA5092}.Release|x64.ActiveCfg = Release|Any CPU
		{E2AF334C-16D9-4B94-9129-6457F3DA5092}.Release|x64.Build.0 = Release|Any CPU
		{E2AF334C-16D9-4B94-9129-6457F3DA5092}.Release|x86.ActiveCfg = Release|Any CPU
		{E2AF334C-16D9-4B94-9129-6457F3DA5092}.Release|x86.Build.0 = Release|Any CPU
		{BCE4CE4E-6CAD-4509-8090-A8B524D5BB5E}.Debug|Any CPU.ActiveCfg = Debug|Any CPU
		{BCE4CE4E-6CAD-4509-8090-A8B524D5BB5E}.Debug|Any CPU.Build.0 = Debug|Any CPU
		{BCE4CE4E-6CAD-4509-8090-A8B524D5BB5E}.Debug|x64.ActiveCfg = Debug|Any CPU
		{BCE4CE4E-6CAD-4509-8090-A8B524D5BB5E}.Debug|x64.Build.0 = Debug|Any CPU
		{BCE4CE4E-6CAD-4509-8090-A8B524D5BB5E}.Debug|x86.ActiveCfg = Debug|Any CPU
		{BCE4CE4E-6CAD-4509-8090-A8B524D5BB5E}.Debug|x86.Build.0 = Debug|Any CPU
		{BCE4CE4E-6CAD-4509-8090-A8B524D5BB5E}.Release|Any CPU.ActiveCfg = Release|Any CPU
		{BCE4CE4E-6CAD-4509-8090-A8B524D5BB5E}.Release|Any CPU.Build.0 = Release|Any CPU
		{BCE4CE4E-6CAD-4509-8090-A8B524D5BB5E}.Release|x64.ActiveCfg = Release|Any CPU
		{BCE4CE4E-6CAD-4509-8090-A8B524D5BB5E}.Release|x64.Build.0 = Release|Any CPU
		{BCE4CE4E-6CAD-4509-8090-A8B524D5BB5E}.Release|x86.ActiveCfg = Release|Any CPU
		{BCE4CE4E-6CAD-4509-8090-A8B524D5BB5E}.Release|x86.Build.0 = Release|Any CPU
		{BEB74EEF-6BAE-4903-A727-7BD8B5FDC22E}.Debug|Any CPU.ActiveCfg = Debug|Any CPU
		{BEB74EEF-6BAE-4903-A727-7BD8B5FDC22E}.Debug|Any CPU.Build.0 = Debug|Any CPU
		{BEB74EEF-6BAE-4903-A727-7BD8B5FDC22E}.Debug|x64.ActiveCfg = Debug|Any CPU
		{BEB74EEF-6BAE-4903-A727-7BD8B5FDC22E}.Debug|x64.Build.0 = Debug|Any CPU
		{BEB74EEF-6BAE-4903-A727-7BD8B5FDC22E}.Debug|x86.ActiveCfg = Debug|Any CPU
		{BEB74EEF-6BAE-4903-A727-7BD8B5FDC22E}.Debug|x86.Build.0 = Debug|Any CPU
		{BEB74EEF-6BAE-4903-A727-7BD8B5FDC22E}.Release|Any CPU.ActiveCfg = Release|Any CPU
		{BEB74EEF-6BAE-4903-A727-7BD8B5FDC22E}.Release|Any CPU.Build.0 = Release|Any CPU
		{BEB74EEF-6BAE-4903-A727-7BD8B5FDC22E}.Release|x64.ActiveCfg = Release|Any CPU
		{BEB74EEF-6BAE-4903-A727-7BD8B5FDC22E}.Release|x64.Build.0 = Release|Any CPU
		{BEB74EEF-6BAE-4903-A727-7BD8B5FDC22E}.Release|x86.ActiveCfg = Release|Any CPU
		{BEB74EEF-6BAE-4903-A727-7BD8B5FDC22E}.Release|x86.Build.0 = Release|Any CPU
		{E64595F5-F745-44B8-9BE6-A6390EC016DE}.Debug|Any CPU.ActiveCfg = Debug|Any CPU
		{E64595F5-F745-44B8-9BE6-A6390EC016DE}.Debug|Any CPU.Build.0 = Debug|Any CPU
		{E64595F5-F745-44B8-9BE6-A6390EC016DE}.Debug|x64.ActiveCfg = Debug|Any CPU
		{E64595F5-F745-44B8-9BE6-A6390EC016DE}.Debug|x64.Build.0 = Debug|Any CPU
		{E64595F5-F745-44B8-9BE6-A6390EC016DE}.Debug|x86.ActiveCfg = Debug|Any CPU
		{E64595F5-F745-44B8-9BE6-A6390EC016DE}.Debug|x86.Build.0 = Debug|Any CPU
		{E64595F5-F745-44B8-9BE6-A6390EC016DE}.Release|Any CPU.ActiveCfg = Release|Any CPU
		{E64595F5-F745-44B8-9BE6-A6390EC016DE}.Release|Any CPU.Build.0 = Release|Any CPU
		{E64595F5-F745-44B8-9BE6-A6390EC016DE}.Release|x64.ActiveCfg = Release|Any CPU
		{E64595F5-F745-44B8-9BE6-A6390EC016DE}.Release|x64.Build.0 = Release|Any CPU
		{E64595F5-F745-44B8-9BE6-A6390EC016DE}.Release|x86.ActiveCfg = Release|Any CPU
		{E64595F5-F745-44B8-9BE6-A6390EC016DE}.Release|x86.Build.0 = Release|Any CPU
		{A7276F60-6087-4D5B-A5E9-4D5CC8C1E4D3}.Debug|Any CPU.ActiveCfg = Debug|Any CPU
		{A7276F60-6087-4D5B-A5E9-4D5CC8C1E4D3}.Debug|Any CPU.Build.0 = Debug|Any CPU
		{A7276F60-6087-4D5B-A5E9-4D5CC8C1E4D3}.Debug|x64.ActiveCfg = Debug|Any CPU
		{A7276F60-6087-4D5B-A5E9-4D5CC8C1E4D3}.Debug|x64.Build.0 = Debug|Any CPU
		{A7276F60-6087-4D5B-A5E9-4D5CC8C1E4D3}.Debug|x86.ActiveCfg = Debug|Any CPU
		{A7276F60-6087-4D5B-A5E9-4D5CC8C1E4D3}.Debug|x86.Build.0 = Debug|Any CPU
		{A7276F60-6087-4D5B-A5E9-4D5CC8C1E4D3}.Release|Any CPU.ActiveCfg = Release|Any CPU
		{A7276F60-6087-4D5B-A5E9-4D5CC8C1E4D3}.Release|Any CPU.Build.0 = Release|Any CPU
		{A7276F60-6087-4D5B-A5E9-4D5CC8C1E4D3}.Release|x64.ActiveCfg = Release|Any CPU
		{A7276F60-6087-4D5B-A5E9-4D5CC8C1E4D3}.Release|x64.Build.0 = Release|Any CPU
		{A7276F60-6087-4D5B-A5E9-4D5CC8C1E4D3}.Release|x86.ActiveCfg = Release|Any CPU
		{A7276F60-6087-4D5B-A5E9-4D5CC8C1E4D3}.Release|x86.Build.0 = Release|Any CPU
		{59B2993F-F99E-4E3E-B34B-41206FED81CA}.Debug|Any CPU.ActiveCfg = Debug|Any CPU
		{59B2993F-F99E-4E3E-B34B-41206FED81CA}.Debug|Any CPU.Build.0 = Debug|Any CPU
		{59B2993F-F99E-4E3E-B34B-41206FED81CA}.Debug|x64.ActiveCfg = Debug|Any CPU
		{59B2993F-F99E-4E3E-B34B-41206FED81CA}.Debug|x64.Build.0 = Debug|Any CPU
		{59B2993F-F99E-4E3E-B34B-41206FED81CA}.Debug|x86.ActiveCfg = Debug|Any CPU
		{59B2993F-F99E-4E3E-B34B-41206FED81CA}.Debug|x86.Build.0 = Debug|Any CPU
		{59B2993F-F99E-4E3E-B34B-41206FED81CA}.Release|Any CPU.ActiveCfg = Release|Any CPU
		{59B2993F-F99E-4E3E-B34B-41206FED81CA}.Release|Any CPU.Build.0 = Release|Any CPU
		{59B2993F-F99E-4E3E-B34B-41206FED81CA}.Release|x64.ActiveCfg = Release|Any CPU
		{59B2993F-F99E-4E3E-B34B-41206FED81CA}.Release|x64.Build.0 = Release|Any CPU
		{59B2993F-F99E-4E3E-B34B-41206FED81CA}.Release|x86.ActiveCfg = Release|Any CPU
		{59B2993F-F99E-4E3E-B34B-41206FED81CA}.Release|x86.Build.0 = Release|Any CPU
		{D5AB2A52-C274-43D4-8452-9E2DBAB8603F}.Debug|Any CPU.ActiveCfg = Debug|Any CPU
		{D5AB2A52-C274-43D4-8452-9E2DBAB8603F}.Debug|Any CPU.Build.0 = Debug|Any CPU
		{D5AB2A52-C274-43D4-8452-9E2DBAB8603F}.Debug|x64.ActiveCfg = Debug|Any CPU
		{D5AB2A52-C274-43D4-8452-9E2DBAB8603F}.Debug|x64.Build.0 = Debug|Any CPU
		{D5AB2A52-C274-43D4-8452-9E2DBAB8603F}.Debug|x86.ActiveCfg = Debug|Any CPU
		{D5AB2A52-C274-43D4-8452-9E2DBAB8603F}.Debug|x86.Build.0 = Debug|Any CPU
		{D5AB2A52-C274-43D4-8452-9E2DBAB8603F}.Release|Any CPU.ActiveCfg = Release|Any CPU
		{D5AB2A52-C274-43D4-8452-9E2DBAB8603F}.Release|Any CPU.Build.0 = Release|Any CPU
		{D5AB2A52-C274-43D4-8452-9E2DBAB8603F}.Release|x64.ActiveCfg = Release|Any CPU
		{D5AB2A52-C274-43D4-8452-9E2DBAB8603F}.Release|x64.Build.0 = Release|Any CPU
		{D5AB2A52-C274-43D4-8452-9E2DBAB8603F}.Release|x86.ActiveCfg = Release|Any CPU
		{D5AB2A52-C274-43D4-8452-9E2DBAB8603F}.Release|x86.Build.0 = Release|Any CPU
		{D4C88D4C-A6CE-49D4-9C01-B7535FF8CC4F}.Debug|Any CPU.ActiveCfg = Debug|Any CPU
		{D4C88D4C-A6CE-49D4-9C01-B7535FF8CC4F}.Debug|Any CPU.Build.0 = Debug|Any CPU
		{D4C88D4C-A6CE-49D4-9C01-B7535FF8CC4F}.Debug|x64.ActiveCfg = Debug|Any CPU
		{D4C88D4C-A6CE-49D4-9C01-B7535FF8CC4F}.Debug|x64.Build.0 = Debug|Any CPU
		{D4C88D4C-A6CE-49D4-9C01-B7535FF8CC4F}.Debug|x86.ActiveCfg = Debug|Any CPU
		{D4C88D4C-A6CE-49D4-9C01-B7535FF8CC4F}.Debug|x86.Build.0 = Debug|Any CPU
		{D4C88D4C-A6CE-49D4-9C01-B7535FF8CC4F}.Release|Any CPU.ActiveCfg = Release|Any CPU
		{D4C88D4C-A6CE-49D4-9C01-B7535FF8CC4F}.Release|Any CPU.Build.0 = Release|Any CPU
		{D4C88D4C-A6CE-49D4-9C01-B7535FF8CC4F}.Release|x64.ActiveCfg = Release|Any CPU
		{D4C88D4C-A6CE-49D4-9C01-B7535FF8CC4F}.Release|x64.Build.0 = Release|Any CPU
		{D4C88D4C-A6CE-49D4-9C01-B7535FF8CC4F}.Release|x86.ActiveCfg = Release|Any CPU
		{D4C88D4C-A6CE-49D4-9C01-B7535FF8CC4F}.Release|x86.Build.0 = Release|Any CPU
	EndGlobalSection
	GlobalSection(SolutionProperties) = preSolution
		HideSolutionNode = FALSE
	EndGlobalSection
	GlobalSection(NestedProjects) = preSolution
		{E1FB1CA1-5F42-4F60-A1C7-8717B232DD42} = {827E0CD3-B72D-47B6-A68D-7590B98EB39B}
		{BF847C72-31E8-4846-B64C-80B24E3319E8} = {0AB3BF05-4346-4AA6-1389-037BE0695223}
		{E2AF334C-16D9-4B94-9129-6457F3DA5092} = {B36A84DF-456D-A817-6EDD-3EC3E7F6E11F}
		{BCE4CE4E-6CAD-4509-8090-A8B524D5BB5E} = {B36A84DF-456D-A817-6EDD-3EC3E7F6E11F}
		{BEB74EEF-6BAE-4903-A727-7BD8B5FDC22E} = {B36A84DF-456D-A817-6EDD-3EC3E7F6E11F}
		{E64595F5-F745-44B8-9BE6-A6390EC016DE} = {B36A84DF-456D-A817-6EDD-3EC3E7F6E11F}
		{A7276F60-6087-4D5B-A5E9-4D5CC8C1E4D3} = {B36A84DF-456D-A817-6EDD-3EC3E7F6E11F}
		{59B2993F-F99E-4E3E-B34B-41206FED81CA} = {B36A84DF-456D-A817-6EDD-3EC3E7F6E11F}
		{D5AB2A52-C274-43D4-8452-9E2DBAB8603F} = {B36A84DF-456D-A817-6EDD-3EC3E7F6E11F}
		{D4C88D4C-A6CE-49D4-9C01-B7535FF8CC4F} = {B36A84DF-456D-A817-6EDD-3EC3E7F6E11F}
	EndGlobalSection
EndGlobal
