Microsoft Visual Studio Solution File, Format Version 12.00
# Visual Studio Version 17
VisualStudioVersion = 17.5.2.0
MinimumVisualStudioVersion = 10.0.40219.1
Project("{2150E333-8FDC-42A3-9474-1A3956D46DE8}") = "src", "src", "{827E0CD3-B72D-47B6-A68D-7590B98EB39B}"
EndProject
Project("{2150E333-8FDC-42A3-9474-1A3956D46DE8}") = "tests", "tests", "{0AB3BF05-4346-4AA6-1389-037BE0695223}"
EndProject
Project("{2150E333-8FDC-42A3-9474-1A3956D46DE8}") = "examples", "examples", "{B36A84DF-456D-A817-6EDD-3EC3E7F6E11F}"
EndProject
Project("{FAE04EC0-301F-11D3-BF4B-00C04F79EFBC}") = "Ghostty.Interop", "src\Ghostty.Interop\Ghostty.Interop.csproj", "{3B81BA98-DAC3-8B6C-D9C9-5218C9AD217E}"
EndProject
Project("{FAE04EC0-301F-11D3-BF4B-00C04F79EFBC}") = "Ghostty.Tests.Visual", "tests\Ghostty.Tests.Visual\Ghostty.Tests.Visual.csproj", "{7B7C3A37-37CC-23D5-7BB7-D7EBB5ED99AE}"
EndProject
Project("{2150E333-8FDC-42A3-9474-1A3956D46DE8}") = "Win32", "Win32", "{A4A2075F-5596-F103-1183-AC826651F2E6}"
EndProject
Project("{FAE04EC0-301F-11D3-BF4B-00C04F79EFBC}") = "Win32", "examples\Win32\Win32\Win32.csproj", "{F8103838-9D11-86DB-FFFE-027CC507ED64}"
EndProject
Project("{2150E333-8FDC-42A3-9474-1A3956D46DE8}") = "WinForms", "WinForms", "{E71923A4-B4D7-A000-6ABA-038D45DC6B06}"
EndProject
Project("{FAE04EC0-301F-11D3-BF4B-00C04F79EFBC}") = "WinForms", "examples\WinForms\WinForms\WinForms.csproj", "{D9F538DD-A327-C88D-C54A-5F225C6E6738}"
EndProject
Project("{2150E333-8FDC-42A3-9474-1A3956D46DE8}") = "WPF-Direct", "WPF-Direct", "{E7DB1408-F13A-AA87-A698-094A5B9983C5}"
EndProject
Project("{FAE04EC0-301F-11D3-BF4B-00C04F79EFBC}") = "WPF-Direct", "examples\WPF-Direct\WPF-Direct\WPF-Direct.csproj", "{9E5CBA6F-9F88-4C95-CFBA-E6AFDBD79EA9}"
EndProject
Project("{2150E333-8FDC-42A3-9474-1A3956D46DE8}") = "WPF-Simple", "WPF-Simple", "{0556AD48-3DF3-BF7C-815A-61B12131E911}"
EndProject
Project("{FAE04EC0-301F-11D3-BF4B-00C04F79EFBC}") = "WPF-Simple", "examples\WPF-Simple\WPF-Simple\WPF-Simple.csproj", "{77F30A6C-8B5D-0945-CF2F-7135FE9F85D2}"
EndProject
Global
	GlobalSection(SolutionConfigurationPlatforms) = preSolution
		Debug|Any CPU = Debug|Any CPU
		Release|Any CPU = Release|Any CPU
	EndGlobalSection
	GlobalSection(ProjectConfigurationPlatforms) = postSolution
		{3B81BA98-DAC3-8B6C-D9C9-5218C9AD217E}.Debug|Any CPU.ActiveCfg = Debug|Any CPU
		{3B81BA98-DAC3-8B6C-D9C9-5218C9AD217E}.Debug|Any CPU.Build.0 = Debug|Any CPU
		{3B81BA98-DAC3-8B6C-D9C9-5218C9AD217E}.Release|Any CPU.ActiveCfg = Release|Any CPU
		{3B81BA98-DAC3-8B6C-D9C9-5218C9AD217E}.Release|Any CPU.Build.0 = Release|Any CPU
		{7B7C3A37-37CC-23D5-7BB7-D7EBB5ED99AE}.Debug|Any CPU.ActiveCfg = Debug|Any CPU
		{7B7C3A37-37CC-23D5-7BB7-D7EBB5ED99AE}.Debug|Any CPU.Build.0 = Debug|Any CPU
		{7B7C3A37-37CC-23D5-7BB7-D7EBB5ED99AE}.Release|Any CPU.ActiveCfg = Release|Any CPU
		{7B7C3A37-37CC-23D5-7BB7-D7EBB5ED99AE}.Release|Any CPU.Build.0 = Release|Any CPU
		{F8103838-9D11-86DB-FFFE-027CC507ED64}.Debug|Any CPU.ActiveCfg = Debug|Any CPU
		{F8103838-9D11-86DB-FFFE-027CC507ED64}.Debug|Any CPU.Build.0 = Debug|Any CPU
		{F8103838-9D11-86DB-FFFE-027CC507ED64}.Release|Any CPU.ActiveCfg = Release|Any CPU
		{F8103838-9D11-86DB-FFFE-027CC507ED64}.Release|Any CPU.Build.0 = Release|Any CPU
		{D9F538DD-A327-C88D-C54A-5F225C6E6738}.Debug|Any CPU.ActiveCfg = Debug|Any CPU
		{D9F538DD-A327-C88D-C54A-5F225C6E6738}.Debug|Any CPU.Build.0 = Debug|Any CPU
		{D9F538DD-A327-C88D-C54A-5F225C6E6738}.Release|Any CPU.ActiveCfg = Release|Any CPU
		{D9F538DD-A327-C88D-C54A-5F225C6E6738}.Release|Any CPU.Build.0 = Release|Any CPU
		{9E5CBA6F-9F88-4C95-CFBA-E6AFDBD79EA9}.Debug|Any CPU.ActiveCfg = Debug|Any CPU
		{9E5CBA6F-9F88-4C95-CFBA-E6AFDBD79EA9}.Debug|Any CPU.Build.0 = Debug|Any CPU
		{9E5CBA6F-9F88-4C95-CFBA-E6AFDBD79EA9}.Release|Any CPU.ActiveCfg = Release|Any CPU
		{9E5CBA6F-9F88-4C95-CFBA-E6AFDBD79EA9}.Release|Any CPU.Build.0 = Release|Any CPU
		{77F30A6C-8B5D-0945-CF2F-7135FE9F85D2}.Debug|Any CPU.ActiveCfg = Debug|Any CPU
		{77F30A6C-8B5D-0945-CF2F-7135FE9F85D2}.Debug|Any CPU.Build.0 = Debug|Any CPU
		{77F30A6C-8B5D-0945-CF2F-7135FE9F85D2}.Release|Any CPU.ActiveCfg = Release|Any CPU
		{77F30A6C-8B5D-0945-CF2F-7135FE9F85D2}.Release|Any CPU.Build.0 = Release|Any CPU
	EndGlobalSection
	GlobalSection(SolutionProperties) = preSolution
		HideSolutionNode = FALSE
	EndGlobalSection
	GlobalSection(NestedProjects) = preSolution
		{3B81BA98-DAC3-8B6C-D9C9-5218C9AD217E} = {827E0CD3-B72D-47B6-A68D-7590B98EB39B}
		{7B7C3A37-37CC-23D5-7BB7-D7EBB5ED99AE} = {0AB3BF05-4346-4AA6-1389-037BE0695223}
		{A4A2075F-5596-F103-1183-AC826651F2E6} = {B36A84DF-456D-A817-6EDD-3EC3E7F6E11F}
		{F8103838-9D11-86DB-FFFE-027CC507ED64} = {A4A2075F-5596-F103-1183-AC826651F2E6}
		{E71923A4-B4D7-A000-6ABA-038D45DC6B06} = {B36A84DF-456D-A817-6EDD-3EC3E7F6E11F}
		{D9F538DD-A327-C88D-C54A-5F225C6E6738} = {E71923A4-B4D7-A000-6ABA-038D45DC6B06}
		{E7DB1408-F13A-AA87-A698-094A5B9983C5} = {B36A84DF-456D-A817-6EDD-3EC3E7F6E11F}
		{9E5CBA6F-9F88-4C95-CFBA-E6AFDBD79EA9} = {E7DB1408-F13A-AA87-A698-094A5B9983C5}
		{0556AD48-3DF3-BF7C-815A-61B12131E911} = {B36A84DF-456D-A817-6EDD-3EC3E7F6E11F}
		{77F30A6C-8B5D-0945-CF2F-7135FE9F85D2} = {0556AD48-3DF3-BF7C-815A-61B12131E911}
	EndGlobalSection
	GlobalSection(ExtensibilityGlobals) = postSolution
		SolutionGuid = {1AE26C8D-EDD6-4710-A847-9D3C5B03F193}
	EndGlobalSection
EndGlobal
